<?xml version="1.0" encoding="utf-8"?>
<Project ToolsVersion="4.0" xmlns="http://schemas.microsoft.com/developer/msbuild/2003">
  <ItemGroup>
    <Filter Include="Defen">
      <UniqueIdentifier>{07A4060D-73B8-2EBE-3C3A-D21DA80D2BEF}</UniqueIdentifier>
    </Filter>
    <Filter Include="Defen\Events">
      <UniqueIdentifier>{0BA2E8D7-F704-787C-A08A-B0328CCC43FF}</UniqueIdentifier>
    </Filter>
  </ItemGroup>
  <ItemGroup>
    <ClInclude Include="src\Defen.h" />
    <ClInclude Include="src\Defen\Application.h">
      <Filter>Defen</Filter>
    </ClInclude>
    <ClInclude Include="src\Defen\Core.h">
      <Filter>Defen</Filter>
    </ClInclude>
    <ClInclude Include="src\Defen\EntryPoint.h">
      <Filter>Defen</Filter>
    </ClInclude>
    <ClInclude Include="src\Defen\Events\ApplicationEvent.h">
      <Filter>Defen\Events</Filter>
    </ClInclude>
    <ClInclude Include="src\Defen\Events\Event.h">
      <Filter>Defen\Events</Filter>
    </ClInclude>
    <ClInclude Include="src\Defen\Events\KeyEvent.h">
      <Filter>Defen\Events</Filter>
    </ClInclude>
    <ClInclude Include="src\Defen\Events\MouseEvent.h">
      <Filter>Defen\Events</Filter>
    </ClInclude>
    <ClInclude Include="src\Defen\Log.h">
      <Filter>Defen</Filter>
    </ClInclude>
  </ItemGroup>
  <ItemGroup>
    <ClCompile Include="src\Defen\Application.cpp">
      <Filter>Defen</Filter>
    </ClCompile>
    <ClCompile Include="src\Defen\Log.cpp">
      <Filter>Defen</Filter>
    </ClCompile>
  </ItemGroup>
</Project>