<?xml version="1.0" encoding="utf-8"?>
<Project ToolsVersion="4.0" xmlns="http://schemas.microsoft.com/developer/msbuild/2003">
  <ItemGroup>
    <Filter Include="Defen">
      <UniqueIdentifier>{07A4060D-73B8-2EBE-3C3A-D21DA80D2BEF}</UniqueIdentifier>
    </Filter>
    <Filter Include="Defen\Events">
      <UniqueIdentifier>{0BA2E8D7-F704-787C-A08A-B0328CCC43FF}</UniqueIdentifier>
    </Filter>
    <Filter Include="Defen\ImGui">
      <UniqueIdentifier>{71C25116-DD77-CA0B-666C-C4E2D220C10F}</UniqueIdentifier>
    </Filter>
    <Filter Include="Platform">
      <UniqueIdentifier>{2AC788B4-1694-E3BF-3FAD-D1672BD9184E}</UniqueIdentifier>
    </Filter>
    <Filter Include="Platform\Windows">
      <UniqueIdentifier>{64FBD71A-50F4-F66C-7926-DCF1657ED678}</UniqueIdentifier>
    </Filter>
  </ItemGroup>
  <ItemGroup>
    <ClInclude Include="src\Defen.h" />
    <ClInclude Include="src\Defen\Application.h">
      <Filter>Defen</Filter>
    </ClInclude>
    <ClInclude Include="src\Defen\Core.h">
      <Filter>Defen</Filter>
    </ClInclude>
    <ClInclude Include="src\Defen\EntryPoint.h">
      <Filter>Defen</Filter>
    </ClInclude>
    <ClInclude Include="src\Defen\Events\ApplicationEvent.h">
      <Filter>Defen\Events</Filter>
    </ClInclude>
    <ClInclude Include="src\Defen\Events\Event.h">
      <Filter>Defen\Events</Filter>
    </ClInclude>
    <ClInclude Include="src\Defen\Events\KeyEvent.h">
      <Filter>Defen\Events</Filter>
    </ClInclude>
    <ClInclude Include="src\Defen\Events\MouseEvent.h">
      <Filter>Defen\Events</Filter>
    </ClInclude>
    <ClInclude Include="src\Defen\ImGui\ImGuiLayer.h">
      <Filter>Defen\ImGui</Filter>
    </ClInclude>
    <ClInclude Include="src\Defen\Layer.h">
      <Filter>Defen</Filter>
    </ClInclude>
    <ClInclude Include="src\Defen\LayerStack.h">
      <Filter>Defen</Filter>
    </ClInclude>
    <ClInclude Include="src\Defen\Log.h">
      <Filter>Defen</Filter>
    </ClInclude>
    <ClInclude Include="src\Defen\Window.h">
      <Filter>Defen</Filter>
    </ClInclude>
    <ClInclude Include="src\Platform\Windows\WindowsWindow.h">
      <Filter>Platform\Windows</Filter>
    </ClInclude>
    <ClInclude Include="src\depch.h" />
    <ClInclude Include="src\Defen\Input.h">
      <Filter>Defen</Filter>
    </ClInclude>
    <ClInclude Include="src\Platform\Windows\WindowsInput.h">
      <Filter>Platform\Windows</Filter>
    </ClInclude>
  </ItemGroup>
  <ItemGroup>
    <ClCompile Include="src\Defen\Application.cpp">
      <Filter>Defen</Filter>
    </ClCompile>
    <ClCompile Include="src\Defen\ImGui\ImGuiLayer.cpp">
      <Filter>Defen\ImGui</Filter>
    </ClCompile>
    <ClCompile Include="src\Defen\Layer.cpp">
      <Filter>Defen</Filter>
    </ClCompile>
    <ClCompile Include="src\Defen\LayerStack.cpp">
      <Filter>Defen</Filter>
    </ClCompile>
    <ClCompile Include="src\Defen\Log.cpp">
      <Filter>Defen</Filter>
    </ClCompile>
    <ClCompile Include="src\Platform\Windows\WindowsWindow.cpp">
      <Filter>Platform\Windows</Filter>
    </ClCompile>
    <ClCompile Include="src\depch.cpp" />
    <ClCompile Include="src\Defen\Input.cpp">
      <Filter>Defen</Filter>
    </ClCompile>
    <ClCompile Include="src\Platform\Windows\WindowsInput.cpp">
      <Filter>Platform\Windows</Filter>
    </ClCompile>
  </ItemGroup>
</Project>